{
  "nodes": {
    "fbterm-src": {
      "flake": false,
      "locked": {
        "lastModified": 1764889579,
        "narHash": "sha256-ljb5/wb5C8hWBRtVf0FLBdSWsTpxtPsKGpRpx7vpYu4=",
        "owner": "BraiinsForge",
        "repo": "fbterm-fork",
        "rev": "a5d72b872b6b778cc1d3a40d65971257c7a15fae",
        "type": "github"
      },
      "original": {
        "owner": "BraiinsForge",
        "repo": "fbterm-fork",
        "type": "github"
      }
    },
    "nixpkgs": {
      "locked": {
        "lastModified": 1764667669,
        "narHash": "sha256-7WUCZfmqLAssbDqwg9cUDAXrSoXN79eEEq17qhTNM/Y=",
        "owner": "nixos",
        "repo": "nixpkgs",
        "rev": "418468ac9527e799809c900eda37cbff999199b6",
        "type": "github"
      },
      "original": {
        "owner": "nixos",
        "ref": "nixos-unstable",
        "repo": "nixpkgs",
        "type": "github"
      }
    },
    "root": {
      "inputs": {
        "fbterm-src": "fbterm-src",
        "nixpkgs": "nixpkgs"
      }
    }
  },
  "root": "root",
  "version": 7
}
