{
  "nodes": {
    "fbterm-src": {
      "flake": false,
      "locked": {
        "lastModified": 1764586351,
        "narHash": "sha256-qO2nugeDA2HxpA7CZXB1Gqs4Xm+V9dB3Y1FNHY1YRUI=",
        "owner": "BraiinsForge",
        "repo": "fbterm-fork",
        "rev": "a6aef9be2d164de6d10147984e6502fe787b4db8",
        "type": "github"
      },
      "original": {
        "owner": "BraiinsForge",
        "repo": "fbterm-fork",
        "type": "github"
      }
    },
    "nixpkgs": {
      "locked": {
        "lastModified": 1764517877,
        "narHash": "sha256-pp3uT4hHijIC8JUK5MEqeAWmParJrgBVzHLNfJDZxg4=",
        "owner": "nixos",
        "repo": "nixpkgs",
        "rev": "2d293cbfa5a793b4c50d17c05ef9e385b90edf6c",
        "type": "github"
      },
      "original": {
        "owner": "nixos",
        "ref": "nixos-unstable",
        "repo": "nixpkgs",
        "type": "github"
      }
    },
    "root": {
      "inputs": {
        "fbterm-src": "fbterm-src",
        "nixpkgs": "nixpkgs"
      }
    }
  },
  "root": "root",
  "version": 7
}
